<?xml version="1.0" encoding="utf-8"?>
<Project ToolsVersion="4.0" xmlns="http://schemas.microsoft.com/developer/msbuild/2003">
  <ItemGroup>
    <Filter Include="Pliki źródłowe">
      <UniqueIdentifier>{4FC737F1-C7A5-4376-A066-2A32D752A2FF}</UniqueIdentifier>
      <Extensions>cpp;c;cc;cxx;c++;def;odl;idl;hpj;bat;asm;asmx</Extensions>
    </Filter>
    <Filter Include="Pliki nagłówkowe">
      <UniqueIdentifier>{93995380-89BD-4b04-88EB-625FBE52EBFB}</UniqueIdentifier>
      <Extensions>h;hh;hpp;hxx;h++;hm;inl;inc;ipp;xsd</Extensions>
    </Filter>
    <Filter Include="Pliki zasobów">
      <UniqueIdentifier>{67DA6AB6-F800-4c08-8B7A-83BB121AAD01}</UniqueIdentifier>
      <Extensions>rc;ico;cur;bmp;dlg;rc2;rct;bin;rgs;gif;jpg;jpeg;jpe;resx;tiff;tif;png;wav;mfcribbon-ms</Extensions>
    </Filter>
  </ItemGroup>
  <ItemGroup>
    <ClCompile Include="Source\Application.cpp">
      <Filter>Pliki źródłowe</Filter>
    </ClCompile>
    <ClCompile Include="Source\SceneManager.cpp">
      <Filter>Pliki źródłowe</Filter>
    </ClCompile>
    <ClCompile Include="Source\Scene.cpp">
      <Filter>Pliki źródłowe</Filter>
    </ClCompile>
  </ItemGroup>
  <ItemGroup>
    <None Include="Resources\Shaders\Sprite\rayMarching.shader" />
    <None Include="Resources\Shaders\Mesh\normalShow.shader" />
    <None Include="Resources\Shaders\Mesh\singleColor.shader" />
    <None Include="Resources\Shaders\Sprite\postProcess.shader" />
    <None Include="Resources\Shaders\Mesh\phong.shader" />
    <None Include="Resources\Shaders\Mesh\timeTest.shader" />
    <None Include="Resources\Shaders\Text\textShader.shader" />
    <None Include="Resources\Models\fox.stl" />
    <None Include="Resources\Shaders\Mesh\planarLight.shader" />
    <None Include="Resources\Models\fox002.stl" />
    <None Include="Resources\Models\minisaur.stl" />
    <None Include="Resources\Shaders\Mesh\planarPointLight.shader" />
    <None Include="Resources\Shaders\Mesh\batchShader.shader" />
  </ItemGroup>
  <ItemGroup>
    <Image Include="Resources\Textures\digitFont.png">
      <Filter>Pliki zasobów</Filter>
    </Image>
    <Image Include="Resources\Textures\font001.png">
      <Filter>Pliki zasobów</Filter>
    </Image>
    <Image Include="Resources\Textures\font002.png">
      <Filter>Pliki zasobów</Filter>
    </Image>
    <Image Include="Resources\Textures\fox001.jpg">
      <Filter>Pliki zasobów</Filter>
    </Image>
    <Image Include="Resources\Textures\fox002.png">
      <Filter>Pliki zasobów</Filter>
    </Image>
    <Image Include="Resources\Textures\fox003.png">
      <Filter>Pliki zasobów</Filter>
    </Image>
    <Image Include="Resources\Textures\glass.png">
      <Filter>Pliki zasobów</Filter>
    </Image>
    <Image Include="Resources\Textures\rocks001.jpg">
      <Filter>Pliki zasobów</Filter>
    </Image>
    <Image Include="Resources\Textures\textAtlas77.jpg">
      <Filter>Pliki zasobów</Filter>
    </Image>
  </ItemGroup>
  <ItemGroup>
    <ClInclude Include="Source\MeshesScene.hpp">
      <Filter>Pliki nagłówkowe</Filter>
    </ClInclude>
    <ClInclude Include="Source\NormalMappingScene.hpp">
      <Filter>Pliki nagłówkowe</Filter>
    </ClInclude>
    <ClInclude Include="Source\RayMarchingScene.hpp">
      <Filter>Pliki nagłówkowe</Filter>
    </ClInclude>
    <ClInclude Include="Source\SceneManager.hpp">
      <Filter>Pliki nagłówkowe</Filter>
    </ClInclude>
    <ClInclude Include="Source\Scene.hpp">
      <Filter>Pliki nagłówkowe</Filter>
    </ClInclude>
    <ClInclude Include="Source\MinecraftScene.hpp">
      <Filter>Pliki nagłówkowe</Filter>
    </ClInclude>
  </ItemGroup>
  <ItemGroup>
    <Font Include="Resources\Fonts\Pixellari.ttf" />
  </ItemGroup>
</Project>