<?xml version="1.0" encoding="utf-8"?>
<Project ToolsVersion="4.0" xmlns="http://schemas.microsoft.com/developer/msbuild/2003">
  <ItemGroup>
    <Filter Include="Pliki źródłowe">
      <UniqueIdentifier>{4FC737F1-C7A5-4376-A066-2A32D752A2FF}</UniqueIdentifier>
      <Extensions>cpp;c;cc;cxx;c++;def;odl;idl;hpj;bat;asm;asmx</Extensions>
    </Filter>
    <Filter Include="Pliki nagłówkowe">
      <UniqueIdentifier>{93995380-89BD-4b04-88EB-625FBE52EBFB}</UniqueIdentifier>
      <Extensions>h;hh;hpp;hxx;h++;hm;inl;inc;ipp;xsd</Extensions>
    </Filter>
    <Filter Include="Pliki zasobów">
      <UniqueIdentifier>{67DA6AB6-F800-4c08-8B7A-83BB121AAD01}</UniqueIdentifier>
      <Extensions>rc;ico;cur;bmp;dlg;rc2;rct;bin;rgs;gif;jpg;jpeg;jpe;resx;tiff;tif;png;wav;mfcribbon-ms</Extensions>
    </Filter>
  </ItemGroup>
  <ItemGroup>
    <ClCompile Include="Source\Application.cpp">
      <Filter>Pliki źródłowe</Filter>
    </ClCompile>
  </ItemGroup>
  <ItemGroup>
    <None Include="Resources\Shaders\meshShaderV001.shader" />
    <None Include="Resources\Shaders\meshShaderF001.shader" />
    <None Include="Resources\Shaders\phongF.shader" />
    <None Include="Resources\Shaders\phongV.shader" />
    <None Include="Resources\Shaders\timeTestV.shader" />
    <None Include="Resources\Shaders\timeTestF.shader" />
    <None Include="Resources\Shaders\spriteShaderV.shader" />
    <None Include="Resources\Shaders\spriteShaderF.shader" />
    <None Include="Resources\Shaders\textShaderV.shader" />
    <None Include="Resources\Shaders\textShaderF.shader" />
    <None Include="Resources\Shaders\normalShowV.shader" />
    <None Include="Resources\Shaders\normalShowF.shader" />
  </ItemGroup>
  <ItemGroup>
    <Image Include="Resources\fox003.png">
      <Filter>Pliki zasobów</Filter>
    </Image>
    <Image Include="Resources\fox001.jpg">
      <Filter>Pliki zasobów</Filter>
    </Image>
    <Image Include="Resources\fox002.png">
      <Filter>Pliki zasobów</Filter>
    </Image>
    <Image Include="Resources\rocks001.jpg">
      <Filter>Pliki zasobów</Filter>
    </Image>
    <Image Include="Resources\textAtlas77.jpg">
      <Filter>Pliki zasobów</Filter>
    </Image>
    <Image Include="Resources\glass.png">
      <Filter>Pliki zasobów</Filter>
    </Image>
    <Image Include="Resources\font001.png">
      <Filter>Pliki zasobów</Filter>
    </Image>
    <Image Include="Resources\digitFont.png">
      <Filter>Pliki zasobów</Filter>
    </Image>
    <Image Include="Resources\font002.png">
      <Filter>Pliki zasobów</Filter>
    </Image>
  </ItemGroup>
  <ItemGroup>
    <Font Include="Resources\Pixellari.ttf" />
  </ItemGroup>
</Project>